Microsoft Visual Studio Solution File, Format Version 12.00
# Visual Studio Version 16
VisualStudioVersion = 16.0.29926.136
MinimumVisualStudioVersion = 10.0.40219.1
Project("{FAE04EC0-301F-11D3-BF4B-00C04F79EFBC}") = "Hospital", "Hospital.csproj", "{DC12135B-1D8C-4035-8D26-2021207A8459}"
EndProject
Global
	GlobalSection(SolutionConfigurationPlatforms) = preSolution
		Debug|Any CPU = Debug|Any CPU
		Release|Any CPU = Release|Any CPU
	EndGlobalSection
	GlobalSection(ProjectConfigurationPlatforms) = postSolution
		{DC12135B-1D8C-4035-8D26-2021207A8459}.Debug|Any CPU.ActiveCfg = Debug|Any CPU
		{DC12135B-1D8C-4035-8D26-2021207A8459}.Debug|Any CPU.Build.0 = Debug|Any CPU
		{DC12135B-1D8C-4035-8D26-2021207A8459}.Release|Any CPU.ActiveCfg = Release|Any CPU
		{DC12135B-1D8C-4035-8D26-2021207A8459}.Release|Any CPU.Build.0 = Release|Any CPU
	EndGlobalSection
	GlobalSection(SolutionProperties) = preSolution
		HideSolutionNode = FALSE
	EndGlobalSection
	GlobalSection(ExtensibilityGlobals) = postSolution
		SolutionGuid = {4EFB83DA-26D0-4C93-9214-72C789E05BF8}
	EndGlobalSection
EndGlobal
